
Microsoft Visual Studio Solution File, Format Version 12.00
# Visual Studio Version 17
VisualStudioVersion = 17.7.34202.233
MinimumVisualStudioVersion = 10.0.40219.1
Project("{9A19103F-16F7-4668-BE54-9A1E7A4F7556}") = "ConsoleApp2", "ConsoleApp2\ConsoleApp2.csproj", "{8AA050B6-48D9-47B1-BC8C-3D953768A16A}"
EndProject
Project("{9A19103F-16F7-4668-BE54-9A1E7A4F7556}") = "DemoAsync", "DemoAsync\DemoAsync.csproj", "{2F4DA066-9939-431F-BF3B-6EC833AD31B4}"
EndProject
Project("{FAE04EC0-301F-11D3-BF4B-00C04F79EFBC}") = "TPL_Practice", "TPL_Practice\TPL_Practice.csproj", "{AF34B829-E6D5-4AB5-AA31-EF55B5ACD574}"
EndProject
Project("{FAE04EC0-301F-11D3-BF4B-00C04F79EFBC}") = "LINQ_Practice", "LINQ_Practice\LINQ_Practice.csproj", "{DEB4A452-A176-46CB-A307-93BE1E463EA4}"
EndProject
Global
	GlobalSection(SolutionConfigurationPlatforms) = preSolution
		Debug|Any CPU = Debug|Any CPU
		Release|Any CPU = Release|Any CPU
	EndGlobalSection
	GlobalSection(ProjectConfigurationPlatforms) = postSolution
		{8AA050B6-48D9-47B1-BC8C-3D953768A16A}.Debug|Any CPU.ActiveCfg = Debug|Any CPU
		{8AA050B6-48D9-47B1-BC8C-3D953768A16A}.Debug|Any CPU.Build.0 = Debug|Any CPU
		{8AA050B6-48D9-47B1-BC8C-3D953768A16A}.Release|Any CPU.ActiveCfg = Release|Any CPU
		{8AA050B6-48D9-47B1-BC8C-3D953768A16A}.Release|Any CPU.Build.0 = Release|Any CPU
		{2F4DA066-9939-431F-BF3B-6EC833AD31B4}.Debug|Any CPU.ActiveCfg = Debug|Any CPU
		{2F4DA066-9939-431F-BF3B-6EC833AD31B4}.Debug|Any CPU.Build.0 = Debug|Any CPU
		{2F4DA066-9939-431F-BF3B-6EC833AD31B4}.Release|Any CPU.ActiveCfg = Release|Any CPU
		{2F4DA066-9939-431F-BF3B-6EC833AD31B4}.Release|Any CPU.Build.0 = Release|Any CPU
		{AF34B829-E6D5-4AB5-AA31-EF55B5ACD574}.Debug|Any CPU.ActiveCfg = Debug|Any CPU
		{AF34B829-E6D5-4AB5-AA31-EF55B5ACD574}.Debug|Any CPU.Build.0 = Debug|Any CPU
		{AF34B829-E6D5-4AB5-AA31-EF55B5ACD574}.Release|Any CPU.ActiveCfg = Release|Any CPU
		{AF34B829-E6D5-4AB5-AA31-EF55B5ACD574}.Release|Any CPU.Build.0 = Release|Any CPU
		{DEB4A452-A176-46CB-A307-93BE1E463EA4}.Debug|Any CPU.ActiveCfg = Debug|Any CPU
		{DEB4A452-A176-46CB-A307-93BE1E463EA4}.Debug|Any CPU.Build.0 = Debug|Any CPU
		{DEB4A452-A176-46CB-A307-93BE1E463EA4}.Release|Any CPU.ActiveCfg = Release|Any CPU
		{DEB4A452-A176-46CB-A307-93BE1E463EA4}.Release|Any CPU.Build.0 = Release|Any CPU
	EndGlobalSection
	GlobalSection(SolutionProperties) = preSolution
		HideSolutionNode = FALSE
	EndGlobalSection
	GlobalSection(ExtensibilityGlobals) = postSolution
		SolutionGuid = {3287673B-4956-4AAD-92A2-F718EB7954AF}
	EndGlobalSection
EndGlobal
